
Microsoft Visual Studio Solution File, Format Version 12.00
# Visual Studio Version 17
VisualStudioVersion = 17.8.34316.72
MinimumVisualStudioVersion = 10.0.40219.1
Project("{FAE04EC0-301F-11D3-BF4B-00C04F79EFBC}") = "Fish_Farm", "Fish_Farm\Fish_Farm.csproj", "{18B3CF72-F2DC-4F3F-9D03-7B2190F69848}"
EndProject
Global
	GlobalSection(SolutionConfigurationPlatforms) = preSolution
		Debug|Any CPU = Debug|Any CPU
		Release|Any CPU = Release|Any CPU
	EndGlobalSection
	GlobalSection(ProjectConfigurationPlatforms) = postSolution
		{18B3CF72-F2DC-4F3F-9D03-7B2190F69848}.Debug|Any CPU.ActiveCfg = Debug|Any CPU
		{18B3CF72-F2DC-4F3F-9D03-7B2190F69848}.Debug|Any CPU.Build.0 = Debug|Any CPU
		{18B3CF72-F2DC-4F3F-9D03-7B2190F69848}.Release|Any CPU.ActiveCfg = Release|Any CPU
		{18B3CF72-F2DC-4F3F-9D03-7B2190F69848}.Release|Any CPU.Build.0 = Release|Any CPU
	EndGlobalSection
	GlobalSection(SolutionProperties) = preSolution
		HideSolutionNode = FALSE
	EndGlobalSection
	GlobalSection(ExtensibilityGlobals) = postSolution
		SolutionGuid = {7513A18A-041A-45AA-B24E-50A905E048B4}
	EndGlobalSection
EndGlobal
